
Microsoft Visual Studio Solution File, Format Version 12.00
# Visual Studio 15
VisualStudioVersion = 15.0.27428.2037
MinimumVisualStudioVersion = 10.0.40219.1
Project("{FAE04EC0-301F-11D3-BF4B-00C04F79EFBC}") = "Promaster.Primitives", "Promaster.Primitives\Promaster.Primitives.csproj", "{52B4804D-715F-4F8F-9540-0BBE874A1A21}"
EndProject
Project("{FAE04EC0-301F-11D3-BF4B-00C04F79EFBC}") = "Promaster.Primitives.Test", "Promaster.Primitives.Test\Promaster.Primitives.Test.csproj", "{172CB63B-0BA2-4F75-811D-D25476EF870D}"
EndProject
Global
	GlobalSection(SolutionConfigurationPlatforms) = preSolution
		Debug|Any CPU = Debug|Any CPU
		Release|Any CPU = Release|Any CPU
	EndGlobalSection
	GlobalSection(ProjectConfigurationPlatforms) = postSolution
		{52B4804D-715F-4F8F-9540-0BBE874A1A21}.Debug|Any CPU.ActiveCfg = Debug|Any CPU
		{52B4804D-715F-4F8F-9540-0BBE874A1A21}.Debug|Any CPU.Build.0 = Debug|Any CPU
		{52B4804D-715F-4F8F-9540-0BBE874A1A21}.Release|Any CPU.ActiveCfg = Release|Any CPU
		{52B4804D-715F-4F8F-9540-0BBE874A1A21}.Release|Any CPU.Build.0 = Release|Any CPU
		{172CB63B-0BA2-4F75-811D-D25476EF870D}.Debug|Any CPU.ActiveCfg = Debug|Any CPU
		{172CB63B-0BA2-4F75-811D-D25476EF870D}.Debug|Any CPU.Build.0 = Debug|Any CPU
		{172CB63B-0BA2-4F75-811D-D25476EF870D}.Release|Any CPU.ActiveCfg = Release|Any CPU
		{172CB63B-0BA2-4F75-811D-D25476EF870D}.Release|Any CPU.Build.0 = Release|Any CPU
	EndGlobalSection
	GlobalSection(SolutionProperties) = preSolution
		HideSolutionNode = FALSE
	EndGlobalSection
	GlobalSection(ExtensibilityGlobals) = postSolution
		SolutionGuid = {E2C03BAC-11F3-44C2-80BE-3B54B09D1A20}
	EndGlobalSection
EndGlobal
